
Microsoft Visual Studio Solution File, Format Version 12.00
# Visual Studio Version 17
VisualStudioVersion = 17.9.34622.214
MinimumVisualStudioVersion = 10.0.40219.1
Project("{FAE04EC0-301F-11D3-BF4B-00C04F79EFBC}") = "ST10272691-Functions App", "ST10272691-Functions App.csproj", "{AD89DFA5-073A-49B4-8B17-258EB0BA08E5}"
EndProject
Global
	GlobalSection(SolutionConfigurationPlatforms) = preSolution
		Debug|Any CPU = Debug|Any CPU
		Release|Any CPU = Release|Any CPU
	EndGlobalSection
	GlobalSection(ProjectConfigurationPlatforms) = postSolution
		{AD89DFA5-073A-49B4-8B17-258EB0BA08E5}.Debug|Any CPU.ActiveCfg = Debug|Any CPU
		{AD89DFA5-073A-49B4-8B17-258EB0BA08E5}.Debug|Any CPU.Build.0 = Debug|Any CPU
		{AD89DFA5-073A-49B4-8B17-258EB0BA08E5}.Release|Any CPU.ActiveCfg = Release|Any CPU
		{AD89DFA5-073A-49B4-8B17-258EB0BA08E5}.Release|Any CPU.Build.0 = Release|Any CPU
	EndGlobalSection
	GlobalSection(SolutionProperties) = preSolution
		HideSolutionNode = FALSE
	EndGlobalSection
	GlobalSection(ExtensibilityGlobals) = postSolution
		SolutionGuid = {2994E357-3B33-4055-B806-30F59050A726}
	EndGlobalSection
EndGlobal
